
Microsoft Visual Studio Solution File, Format Version 12.00
# Visual Studio Version 16
VisualStudioVersion = 16.0.31729.503
MinimumVisualStudioVersion = 10.0.40219.1
Project("{FAE04EC0-301F-11D3-BF4B-00C04F79EFBC}") = "CS_DZ_NEW_Massive_2", "CS_DZ_NEW_Massive_2\CS_DZ_NEW_Massive_2.csproj", "{75322D7E-EEC3-4717-8730-D8B455455D3C}"
EndProject
Global
	GlobalSection(SolutionConfigurationPlatforms) = preSolution
		Debug|Any CPU = Debug|Any CPU
		Release|Any CPU = Release|Any CPU
	EndGlobalSection
	GlobalSection(ProjectConfigurationPlatforms) = postSolution
		{75322D7E-EEC3-4717-8730-D8B455455D3C}.Debug|Any CPU.ActiveCfg = Debug|Any CPU
		{75322D7E-EEC3-4717-8730-D8B455455D3C}.Debug|Any CPU.Build.0 = Debug|Any CPU
		{75322D7E-EEC3-4717-8730-D8B455455D3C}.Release|Any CPU.ActiveCfg = Release|Any CPU
		{75322D7E-EEC3-4717-8730-D8B455455D3C}.Release|Any CPU.Build.0 = Release|Any CPU
	EndGlobalSection
	GlobalSection(SolutionProperties) = preSolution
		HideSolutionNode = FALSE
	EndGlobalSection
	GlobalSection(ExtensibilityGlobals) = postSolution
		SolutionGuid = {AF9C2ADE-DE34-4357-B9F2-69B6A635C7DB}
	EndGlobalSection
EndGlobal
